
Microsoft Visual Studio Solution File, Format Version 12.00
# Visual Studio Version 17
VisualStudioVersion = 17.4.33110.190
MinimumVisualStudioVersion = 10.0.40219.1
Project("{FAE04EC0-301F-11D3-BF4B-00C04F79EFBC}") = "3ITACtverecky", "3ITACtverecky\3ITACtverecky.csproj", "{50411430-2812-44CB-9BDA-87AD6A0B5F32}"
EndProject
Global
	GlobalSection(SolutionConfigurationPlatforms) = preSolution
		Debug|Any CPU = Debug|Any CPU
		Release|Any CPU = Release|Any CPU
	EndGlobalSection
	GlobalSection(ProjectConfigurationPlatforms) = postSolution
		{50411430-2812-44CB-9BDA-87AD6A0B5F32}.Debug|Any CPU.ActiveCfg = Debug|Any CPU
		{50411430-2812-44CB-9BDA-87AD6A0B5F32}.Debug|Any CPU.Build.0 = Debug|Any CPU
		{50411430-2812-44CB-9BDA-87AD6A0B5F32}.Release|Any CPU.ActiveCfg = Release|Any CPU
		{50411430-2812-44CB-9BDA-87AD6A0B5F32}.Release|Any CPU.Build.0 = Release|Any CPU
	EndGlobalSection
	GlobalSection(SolutionProperties) = preSolution
		HideSolutionNode = FALSE
	EndGlobalSection
	GlobalSection(ExtensibilityGlobals) = postSolution
		SolutionGuid = {B62B74C8-C338-4C86-9738-D450E131FB70}
	EndGlobalSection
EndGlobal
