
Microsoft Visual Studio Solution File, Format Version 12.00
# Visual Studio Version 17
VisualStudioVersion = 17.4.33110.190
MinimumVisualStudioVersion = 10.0.40219.1
Project("{FAE04EC0-301F-11D3-BF4B-00C04F79EFBC}") = "3ITAKuchyne", "3ITAKuchyne\3ITAKuchyne.csproj", "{B7AAFDDE-C497-426F-BD82-549A7CBE891E}"
EndProject
Global
	GlobalSection(SolutionConfigurationPlatforms) = preSolution
		Debug|Any CPU = Debug|Any CPU
		Release|Any CPU = Release|Any CPU
	EndGlobalSection
	GlobalSection(ProjectConfigurationPlatforms) = postSolution
		{B7AAFDDE-C497-426F-BD82-549A7CBE891E}.Debug|Any CPU.ActiveCfg = Debug|Any CPU
		{B7AAFDDE-C497-426F-BD82-549A7CBE891E}.Debug|Any CPU.Build.0 = Debug|Any CPU
		{B7AAFDDE-C497-426F-BD82-549A7CBE891E}.Release|Any CPU.ActiveCfg = Release|Any CPU
		{B7AAFDDE-C497-426F-BD82-549A7CBE891E}.Release|Any CPU.Build.0 = Release|Any CPU
	EndGlobalSection
	GlobalSection(SolutionProperties) = preSolution
		HideSolutionNode = FALSE
	EndGlobalSection
	GlobalSection(ExtensibilityGlobals) = postSolution
		SolutionGuid = {8FD47511-8765-44EC-964C-BFE2E426DB31}
	EndGlobalSection
EndGlobal
