
Microsoft Visual Studio Solution File, Format Version 12.00
# Visual Studio Version 17
VisualStudioVersion = 17.4.33110.190
MinimumVisualStudioVersion = 10.0.40219.1
Project("{FAE04EC0-301F-11D3-BF4B-00C04F79EFBC}") = "3ITACukrKavaLimonada", "3ITACukrKavaLimonada\3ITACukrKavaLimonada.csproj", "{96FE0C26-BF7A-41A9-95CE-B34F9EEED4F7}"
EndProject
Global
	GlobalSection(SolutionConfigurationPlatforms) = preSolution
		Debug|Any CPU = Debug|Any CPU
		Release|Any CPU = Release|Any CPU
	EndGlobalSection
	GlobalSection(ProjectConfigurationPlatforms) = postSolution
		{96FE0C26-BF7A-41A9-95CE-B34F9EEED4F7}.Debug|Any CPU.ActiveCfg = Debug|Any CPU
		{96FE0C26-BF7A-41A9-95CE-B34F9EEED4F7}.Debug|Any CPU.Build.0 = Debug|Any CPU
		{96FE0C26-BF7A-41A9-95CE-B34F9EEED4F7}.Release|Any CPU.ActiveCfg = Release|Any CPU
		{96FE0C26-BF7A-41A9-95CE-B34F9EEED4F7}.Release|Any CPU.Build.0 = Release|Any CPU
	EndGlobalSection
	GlobalSection(SolutionProperties) = preSolution
		HideSolutionNode = FALSE
	EndGlobalSection
	GlobalSection(ExtensibilityGlobals) = postSolution
		SolutionGuid = {CFEF9F2C-20E3-421D-B2EA-591A80834AB1}
	EndGlobalSection
EndGlobal
